<?xml version="1.0" encoding="utf-8"?>
<Project ToolsVersion="4.0" xmlns="http://schemas.microsoft.com/developer/msbuild/2003">
  <ItemGroup>
    <Filter Include="Source Files">
      <UniqueIdentifier>{4FC737F1-C7A5-4376-A066-2A32D752A2FF}</UniqueIdentifier>
      <Extensions>cpp;c;cc;cxx;def;odl;idl;hpj;bat;asm;asmx</Extensions>
    </Filter>
    <Filter Include="Header Files">
      <UniqueIdentifier>{93995380-89BD-4b04-88EB-625FBE52EBFB}</UniqueIdentifier>
      <Extensions>h;hh;hpp;hxx;hm;inl;inc;xsd</Extensions>
    </Filter>
    <Filter Include="Resource Files">
      <UniqueIdentifier>{67DA6AB6-F800-4c08-8B7A-83BB121AAD01}</UniqueIdentifier>
      <Extensions>rc;ico;cur;bmp;dlg;rc2;rct;bin;rgs;gif;jpg;jpeg;jpe;resx;tiff;tif;png;wav;mfcribbon-ms</Extensions>
    </Filter>
  </ItemGroup>
  <ItemGroup>
    <ClCompile Include="F:\GIT_REPOS\MUD\src\act.comm.c">
      <Filter>Source Files</Filter>
    </ClCompile>
    <ClCompile Include="F:\GIT_REPOS\MUD\src\act.informative.c">
      <Filter>Source Files</Filter>
    </ClCompile>
    <ClCompile Include="F:\GIT_REPOS\MUD\src\act.item.c">
      <Filter>Source Files</Filter>
    </ClCompile>
    <ClCompile Include="F:\GIT_REPOS\MUD\src\act.movement.c">
      <Filter>Source Files</Filter>
    </ClCompile>
    <ClCompile Include="F:\GIT_REPOS\MUD\src\act.offensive.c">
      <Filter>Source Files</Filter>
    </ClCompile>
    <ClCompile Include="F:\GIT_REPOS\MUD\src\act.other.c">
      <Filter>Source Files</Filter>
    </ClCompile>
    <ClCompile Include="F:\GIT_REPOS\MUD\src\act.social.c">
      <Filter>Source Files</Filter>
    </ClCompile>
    <ClCompile Include="F:\GIT_REPOS\MUD\src\act.wizard.c">
      <Filter>Source Files</Filter>
    </ClCompile>
    <ClCompile Include="F:\GIT_REPOS\MUD\src\aedit.c">
      <Filter>Source Files</Filter>
    </ClCompile>
    <ClCompile Include="F:\GIT_REPOS\MUD\src\asciimap.c">
      <Filter>Source Files</Filter>
    </ClCompile>
    <ClCompile Include="F:\GIT_REPOS\MUD\src\ban.c">
      <Filter>Source Files</Filter>
    </ClCompile>
    <ClCompile Include="F:\GIT_REPOS\MUD\src\boards.c">
      <Filter>Source Files</Filter>
    </ClCompile>
    <ClCompile Include="F:\GIT_REPOS\MUD\src\bsd-snprintf.c">
      <Filter>Source Files</Filter>
    </ClCompile>
    <ClCompile Include="F:\GIT_REPOS\MUD\src\castle.c">
      <Filter>Source Files</Filter>
    </ClCompile>
    <ClCompile Include="F:\GIT_REPOS\MUD\src\cedit.c">
      <Filter>Source Files</Filter>
    </ClCompile>
    <ClCompile Include="F:\GIT_REPOS\MUD\src\class.c">
      <Filter>Source Files</Filter>
    </ClCompile>
    <ClCompile Include="F:\GIT_REPOS\MUD\src\comm.c">
      <Filter>Source Files</Filter>
    </ClCompile>
    <ClCompile Include="F:\GIT_REPOS\MUD\src\config.c">
      <Filter>Source Files</Filter>
    </ClCompile>
    <ClCompile Include="F:\GIT_REPOS\MUD\src\constants.c">
      <Filter>Source Files</Filter>
    </ClCompile>
    <ClCompile Include="F:\GIT_REPOS\MUD\src\db.c">
      <Filter>Source Files</Filter>
    </ClCompile>
    <ClCompile Include="F:\GIT_REPOS\MUD\src\dg_comm.c">
      <Filter>Source Files</Filter>
    </ClCompile>
    <ClCompile Include="F:\GIT_REPOS\MUD\src\dg_db_scripts.c">
      <Filter>Source Files</Filter>
    </ClCompile>
    <ClCompile Include="F:\GIT_REPOS\MUD\src\dg_event.c">
      <Filter>Source Files</Filter>
    </ClCompile>
    <ClCompile Include="F:\GIT_REPOS\MUD\src\dg_handler.c">
      <Filter>Source Files</Filter>
    </ClCompile>
    <ClCompile Include="F:\GIT_REPOS\MUD\src\dg_misc.c">
      <Filter>Source Files</Filter>
    </ClCompile>
    <ClCompile Include="F:\GIT_REPOS\MUD\src\dg_mobcmd.c">
      <Filter>Source Files</Filter>
    </ClCompile>
    <ClCompile Include="F:\GIT_REPOS\MUD\src\dg_objcmd.c">
      <Filter>Source Files</Filter>
    </ClCompile>
    <ClCompile Include="F:\GIT_REPOS\MUD\src\dg_olc.c">
      <Filter>Source Files</Filter>
    </ClCompile>
    <ClCompile Include="F:\GIT_REPOS\MUD\src\dg_scripts.c">
      <Filter>Source Files</Filter>
    </ClCompile>
    <ClCompile Include="F:\GIT_REPOS\MUD\src\dg_triggers.c">
      <Filter>Source Files</Filter>
    </ClCompile>
    <ClCompile Include="F:\GIT_REPOS\MUD\src\dg_variables.c">
      <Filter>Source Files</Filter>
    </ClCompile>
    <ClCompile Include="F:\GIT_REPOS\MUD\src\dg_wldcmd.c">
      <Filter>Source Files</Filter>
    </ClCompile>
    <ClCompile Include="F:\GIT_REPOS\MUD\src\fight.c">
      <Filter>Source Files</Filter>
    </ClCompile>
    <ClCompile Include="F:\GIT_REPOS\MUD\src\genmob.c">
      <Filter>Source Files</Filter>
    </ClCompile>
    <ClCompile Include="F:\GIT_REPOS\MUD\src\genobj.c">
      <Filter>Source Files</Filter>
    </ClCompile>
    <ClCompile Include="F:\GIT_REPOS\MUD\src\genolc.c">
      <Filter>Source Files</Filter>
    </ClCompile>
    <ClCompile Include="F:\GIT_REPOS\MUD\src\genqst.c">
      <Filter>Source Files</Filter>
    </ClCompile>
    <ClCompile Include="F:\GIT_REPOS\MUD\src\genshp.c">
      <Filter>Source Files</Filter>
    </ClCompile>
    <ClCompile Include="F:\GIT_REPOS\MUD\src\genwld.c">
      <Filter>Source Files</Filter>
    </ClCompile>
    <ClCompile Include="F:\GIT_REPOS\MUD\src\genzon.c">
      <Filter>Source Files</Filter>
    </ClCompile>
    <ClCompile Include="F:\GIT_REPOS\MUD\src\graph.c">
      <Filter>Source Files</Filter>
    </ClCompile>
    <ClCompile Include="F:\GIT_REPOS\MUD\src\handler.c">
      <Filter>Source Files</Filter>
    </ClCompile>
    <ClCompile Include="F:\GIT_REPOS\MUD\src\hedit.c">
      <Filter>Source Files</Filter>
    </ClCompile>
    <ClCompile Include="F:\GIT_REPOS\MUD\src\house.c">
      <Filter>Source Files</Filter>
    </ClCompile>
    <ClCompile Include="F:\GIT_REPOS\MUD\src\ibt.c">
      <Filter>Source Files</Filter>
    </ClCompile>
    <ClCompile Include="F:\GIT_REPOS\MUD\src\improved-edit.c">
      <Filter>Source Files</Filter>
    </ClCompile>
    <ClCompile Include="F:\GIT_REPOS\MUD\src\interpreter.c">
      <Filter>Source Files</Filter>
    </ClCompile>
    <ClCompile Include="F:\GIT_REPOS\MUD\src\limits.c">
      <Filter>Source Files</Filter>
    </ClCompile>
    <ClCompile Include="F:\GIT_REPOS\MUD\src\lists.c">
      <Filter>Source Files</Filter>
    </ClCompile>
    <ClCompile Include="F:\GIT_REPOS\MUD\src\magic.c">
      <Filter>Source Files</Filter>
    </ClCompile>
    <ClCompile Include="F:\GIT_REPOS\MUD\src\mail.c">
      <Filter>Source Files</Filter>
    </ClCompile>
    <ClCompile Include="F:\GIT_REPOS\MUD\src\medit.c">
      <Filter>Source Files</Filter>
    </ClCompile>
    <ClCompile Include="F:\GIT_REPOS\MUD\src\mobact.c">
      <Filter>Source Files</Filter>
    </ClCompile>
    <ClCompile Include="F:\GIT_REPOS\MUD\src\modify.c">
      <Filter>Source Files</Filter>
    </ClCompile>
    <ClCompile Include="F:\GIT_REPOS\MUD\src\msgedit.c">
      <Filter>Source Files</Filter>
    </ClCompile>
    <ClCompile Include="F:\GIT_REPOS\MUD\src\mud_event.c">
      <Filter>Source Files</Filter>
    </ClCompile>
    <ClCompile Include="F:\GIT_REPOS\MUD\src\oasis.c">
      <Filter>Source Files</Filter>
    </ClCompile>
    <ClCompile Include="F:\GIT_REPOS\MUD\src\oasis_copy.c">
      <Filter>Source Files</Filter>
    </ClCompile>
    <ClCompile Include="F:\GIT_REPOS\MUD\src\oasis_delete.c">
      <Filter>Source Files</Filter>
    </ClCompile>
    <ClCompile Include="F:\GIT_REPOS\MUD\src\oasis_list.c">
      <Filter>Source Files</Filter>
    </ClCompile>
    <ClCompile Include="F:\GIT_REPOS\MUD\src\objsave.c">
      <Filter>Source Files</Filter>
    </ClCompile>
    <ClCompile Include="F:\GIT_REPOS\MUD\src\oedit.c">
      <Filter>Source Files</Filter>
    </ClCompile>
    <ClCompile Include="F:\GIT_REPOS\MUD\src\players.c">
      <Filter>Source Files</Filter>
    </ClCompile>
    <ClCompile Include="F:\GIT_REPOS\MUD\src\prefedit.c">
      <Filter>Source Files</Filter>
    </ClCompile>
    <ClCompile Include="F:\GIT_REPOS\MUD\src\protocol.c">
      <Filter>Source Files</Filter>
    </ClCompile>
    <ClCompile Include="F:\GIT_REPOS\MUD\src\qedit.c">
      <Filter>Source Files</Filter>
    </ClCompile>
    <ClCompile Include="F:\GIT_REPOS\MUD\src\quest.c">
      <Filter>Source Files</Filter>
    </ClCompile>
    <ClCompile Include="F:\GIT_REPOS\MUD\src\random.c">
      <Filter>Source Files</Filter>
    </ClCompile>
    <ClCompile Include="F:\GIT_REPOS\MUD\src\redit.c">
      <Filter>Source Files</Filter>
    </ClCompile>
    <ClCompile Include="F:\GIT_REPOS\MUD\src\sedit.c">
      <Filter>Source Files</Filter>
    </ClCompile>
    <ClCompile Include="F:\GIT_REPOS\MUD\src\shop.c">
      <Filter>Source Files</Filter>
    </ClCompile>
    <ClCompile Include="F:\GIT_REPOS\MUD\src\spec_assign.c">
      <Filter>Source Files</Filter>
    </ClCompile>
    <ClCompile Include="F:\GIT_REPOS\MUD\src\spec_procs.c">
      <Filter>Source Files</Filter>
    </ClCompile>
    <ClCompile Include="F:\GIT_REPOS\MUD\src\spell_parser.c">
      <Filter>Source Files</Filter>
    </ClCompile>
    <ClCompile Include="F:\GIT_REPOS\MUD\src\spells.c">
      <Filter>Source Files</Filter>
    </ClCompile>
    <ClCompile Include="F:\GIT_REPOS\MUD\src\tedit.c">
      <Filter>Source Files</Filter>
    </ClCompile>
    <ClCompile Include="F:\GIT_REPOS\MUD\src\utils.c">
      <Filter>Source Files</Filter>
    </ClCompile>
    <ClCompile Include="F:\GIT_REPOS\MUD\src\weather.c">
      <Filter>Source Files</Filter>
    </ClCompile>
    <ClCompile Include="F:\GIT_REPOS\MUD\src\zedit.c">
      <Filter>Source Files</Filter>
    </ClCompile>
    <ClCompile Include="F:\GIT_REPOS\MUD\src\zmalloc.c">
      <Filter>Source Files</Filter>
    </ClCompile>
  </ItemGroup>
  <ItemGroup>
    <ClInclude Include="F:\GIT_REPOS\MUD\src\act.h">
      <Filter>Header Files</Filter>
    </ClInclude>
    <ClInclude Include="F:\GIT_REPOS\MUD\src\asciimap.h">
      <Filter>Header Files</Filter>
    </ClInclude>
    <ClInclude Include="F:\GIT_REPOS\MUD\src\ban.h">
      <Filter>Header Files</Filter>
    </ClInclude>
    <ClInclude Include="F:\GIT_REPOS\MUD\src\boards.h">
      <Filter>Header Files</Filter>
    </ClInclude>
    <ClInclude Include="F:\GIT_REPOS\MUD\src\bsd-snprintf.h">
      <Filter>Header Files</Filter>
    </ClInclude>
    <ClInclude Include="F:\GIT_REPOS\MUD\src\class.h">
      <Filter>Header Files</Filter>
    </ClInclude>
    <ClInclude Include="F:\GIT_REPOS\MUD\src\comm.h">
      <Filter>Header Files</Filter>
    </ClInclude>
    <ClInclude Include="F:\GIT_REPOS\MUD\src\config.h">
      <Filter>Header Files</Filter>
    </ClInclude>
    <ClInclude Include="F:\GIT_REPOS\MUD\src\constants.h">
      <Filter>Header Files</Filter>
    </ClInclude>
    <ClInclude Include="F:\GIT_REPOS\MUD\src\db.h">
      <Filter>Header Files</Filter>
    </ClInclude>
    <ClInclude Include="F:\GIT_REPOS\MUD\src\dg_event.h">
      <Filter>Header Files</Filter>
    </ClInclude>
    <ClInclude Include="F:\GIT_REPOS\MUD\src\dg_olc.h">
      <Filter>Header Files</Filter>
    </ClInclude>
    <ClInclude Include="F:\GIT_REPOS\MUD\src\dg_scripts.h">
      <Filter>Header Files</Filter>
    </ClInclude>
    <ClInclude Include="F:\GIT_REPOS\MUD\src\fight.h">
      <Filter>Header Files</Filter>
    </ClInclude>
    <ClInclude Include="F:\GIT_REPOS\MUD\src\genmob.h">
      <Filter>Header Files</Filter>
    </ClInclude>
    <ClInclude Include="F:\GIT_REPOS\MUD\src\genobj.h">
      <Filter>Header Files</Filter>
    </ClInclude>
    <ClInclude Include="F:\GIT_REPOS\MUD\src\genolc.h">
      <Filter>Header Files</Filter>
    </ClInclude>
    <ClInclude Include="F:\GIT_REPOS\MUD\src\genshp.h">
      <Filter>Header Files</Filter>
    </ClInclude>
    <ClInclude Include="F:\GIT_REPOS\MUD\src\genwld.h">
      <Filter>Header Files</Filter>
    </ClInclude>
    <ClInclude Include="F:\GIT_REPOS\MUD\src\genzon.h">
      <Filter>Header Files</Filter>
    </ClInclude>
    <ClInclude Include="F:\GIT_REPOS\MUD\src\graph.h">
      <Filter>Header Files</Filter>
    </ClInclude>
    <ClInclude Include="F:\GIT_REPOS\MUD\src\handler.h">
      <Filter>Header Files</Filter>
    </ClInclude>
    <ClInclude Include="F:\GIT_REPOS\MUD\src\hedit.h">
      <Filter>Header Files</Filter>
    </ClInclude>
    <ClInclude Include="F:\GIT_REPOS\MUD\src\house.h">
      <Filter>Header Files</Filter>
    </ClInclude>
    <ClInclude Include="F:\GIT_REPOS\MUD\src\ibt.h">
      <Filter>Header Files</Filter>
    </ClInclude>
    <ClInclude Include="F:\GIT_REPOS\MUD\src\improved-edit.h">
      <Filter>Header Files</Filter>
    </ClInclude>
    <ClInclude Include="F:\GIT_REPOS\MUD\src\interpreter.h">
      <Filter>Header Files</Filter>
    </ClInclude>
    <ClInclude Include="F:\GIT_REPOS\MUD\src\lists.h">
      <Filter>Header Files</Filter>
    </ClInclude>
    <ClInclude Include="F:\GIT_REPOS\MUD\src\mail.h">
      <Filter>Header Files</Filter>
    </ClInclude>
    <ClInclude Include="F:\GIT_REPOS\MUD\src\modify.h">
      <Filter>Header Files</Filter>
    </ClInclude>
    <ClInclude Include="F:\GIT_REPOS\MUD\src\msgedit.h">
      <Filter>Header Files</Filter>
    </ClInclude>
    <ClInclude Include="F:\GIT_REPOS\MUD\src\mud_event.h">
      <Filter>Header Files</Filter>
    </ClInclude>
    <ClInclude Include="F:\GIT_REPOS\MUD\src\oasis.h">
      <Filter>Header Files</Filter>
    </ClInclude>
    <ClInclude Include="F:\GIT_REPOS\MUD\src\pfdefaults.h">
      <Filter>Header Files</Filter>
    </ClInclude>
    <ClInclude Include="F:\GIT_REPOS\MUD\src\prefedit.h">
      <Filter>Header Files</Filter>
    </ClInclude>
    <ClInclude Include="F:\GIT_REPOS\MUD\src\protocol.h">
      <Filter>Header Files</Filter>
    </ClInclude>
    <ClInclude Include="F:\GIT_REPOS\MUD\src\quest.h">
      <Filter>Header Files</Filter>
    </ClInclude>
    <ClInclude Include="F:\GIT_REPOS\MUD\src\screen.h">
      <Filter>Header Files</Filter>
    </ClInclude>
    <ClInclude Include="F:\GIT_REPOS\MUD\src\shop.h">
      <Filter>Header Files</Filter>
    </ClInclude>
    <ClInclude Include="F:\GIT_REPOS\MUD\src\spec_procs.h">
      <Filter>Header Files</Filter>
    </ClInclude>
    <ClInclude Include="F:\GIT_REPOS\MUD\src\spells.h">
      <Filter>Header Files</Filter>
    </ClInclude>
    <ClInclude Include="F:\GIT_REPOS\MUD\src\structs.h">
      <Filter>Header Files</Filter>
    </ClInclude>
    <ClInclude Include="F:\GIT_REPOS\MUD\src\sysdep.h">
      <Filter>Header Files</Filter>
    </ClInclude>
    <ClInclude Include="F:\GIT_REPOS\MUD\src\telnet.h">
      <Filter>Header Files</Filter>
    </ClInclude>
    <ClInclude Include="F:\GIT_REPOS\MUD\src\utils.h">
      <Filter>Header Files</Filter>
    </ClInclude>
    <ClInclude Include="F:\GIT_REPOS\MUD\src\zmalloc.h">
      <Filter>Header Files</Filter>
    </ClInclude>
  </ItemGroup>
</Project>